
Microsoft Visual Studio Solution File, Format Version 12.00
# Visual Studio Version 17
VisualStudioVersion = 17.5.33424.131
MinimumVisualStudioVersion = 10.0.40219.1
Project("{FAE04EC0-301F-11D3-BF4B-00C04F79EFBC}") = "Gaji Karyawan", "Gaji Karyawan\Gaji Karyawan.csproj", "{3EB37BB4-3525-4AA6-911D-CB7EB4E8BC14}"
EndProject
Global
	GlobalSection(SolutionConfigurationPlatforms) = preSolution
		Debug|Any CPU = Debug|Any CPU
		Release|Any CPU = Release|Any CPU
	EndGlobalSection
	GlobalSection(ProjectConfigurationPlatforms) = postSolution
		{3EB37BB4-3525-4AA6-911D-CB7EB4E8BC14}.Debug|Any CPU.ActiveCfg = Debug|Any CPU
		{3EB37BB4-3525-4AA6-911D-CB7EB4E8BC14}.Debug|Any CPU.Build.0 = Debug|Any CPU
		{3EB37BB4-3525-4AA6-911D-CB7EB4E8BC14}.Release|Any CPU.ActiveCfg = Release|Any CPU
		{3EB37BB4-3525-4AA6-911D-CB7EB4E8BC14}.Release|Any CPU.Build.0 = Release|Any CPU
	EndGlobalSection
	GlobalSection(SolutionProperties) = preSolution
		HideSolutionNode = FALSE
	EndGlobalSection
	GlobalSection(ExtensibilityGlobals) = postSolution
		SolutionGuid = {430DA481-A757-4753-AFAC-EED170E03636}
	EndGlobalSection
EndGlobal
